
Microsoft Visual Studio Solution File, Format Version 12.00
# Visual Studio Version 16
VisualStudioVersion = 16.0.29020.237
MinimumVisualStudioVersion = 10.0.40219.1
Project("{FAE04EC0-301F-11D3-BF4B-00C04F79EFBC}") = "Metronom", "Metronom\Metronom.csproj", "{B49A210F-8A2A-4EE6-AE5E-5078E1A790DB}"
EndProject
Global
	GlobalSection(SolutionConfigurationPlatforms) = preSolution
		Debug|Any CPU = Debug|Any CPU
		Release|Any CPU = Release|Any CPU
	EndGlobalSection
	GlobalSection(ProjectConfigurationPlatforms) = postSolution
		{B49A210F-8A2A-4EE6-AE5E-5078E1A790DB}.Debug|Any CPU.ActiveCfg = Debug|Any CPU
		{B49A210F-8A2A-4EE6-AE5E-5078E1A790DB}.Debug|Any CPU.Build.0 = Debug|Any CPU
		{B49A210F-8A2A-4EE6-AE5E-5078E1A790DB}.Release|Any CPU.ActiveCfg = Release|Any CPU
		{B49A210F-8A2A-4EE6-AE5E-5078E1A790DB}.Release|Any CPU.Build.0 = Release|Any CPU
	EndGlobalSection
	GlobalSection(SolutionProperties) = preSolution
		HideSolutionNode = FALSE
	EndGlobalSection
	GlobalSection(ExtensibilityGlobals) = postSolution
		SolutionGuid = {71BC43DD-0070-4B7B-967B-E8F40B6AB470}
	EndGlobalSection
EndGlobal
